<?xml version="1.0" encoding="UTF-8"?>
<CONFIG>
  <ProjectOptions>
    <Version Value="12"/>
    <PathDelim Value="\"/>
    <General>
      <Flags>
        <MainUnitHasCreateFormStatements Value="False"/>
        <MainUnitHasTitleStatement Value="False"/>
        <MainUnitHasScaledStatement Value="False"/>
        <CompatibilityMode Value="True"/>
      </Flags>
      <SessionStorage Value="InProjectDir"/>
      <Title Value="RS_TEST"/>
      <UseAppBundle Value="False"/>
      <ResourceType Value="res"/>
    </General>
    <BuildModes Count="5">
      <Item1 Name="ATMega328P" Default="True"/>
      <Item2 Name="ATtiny45">
        <CompilerOptions>
          <Version Value="11"/>
          <PathDelim Value="\"/>
          <Target>
            <Filename Value="RS_TEST"/>
          </Target>
          <SearchPaths>
            <IncludeFiles Value="$(ProjOutDir)"/>
            <OtherUnitFiles Value="\home\vamlyktan\Entwicklung\Programmierung\API\UART\;..\..\Programmierung\API\Neo_Pixel;..\..\Programmierung\Lazarus;..\..\Programmierung\API\EEProm;..\..\Programmierung\API\Timer-Counter;..\..\Programmierung\API\ISR"/>
            <UnitOutputDirectory Value="lib\$(TargetCPU)-$(TargetOS)"/>
          </SearchPaths>
          <CodeGeneration>
            <TargetProcessor Value="AVR25"/>
            <TargetCPU Value="avr"/>
            <TargetOS Value="embedded"/>
            <Optimizations>
              <OptimizationLevel Value="3"/>
            </Optimizations>
          </CodeGeneration>
          <Linking>
            <Debugging>
              <DebugInfoType Value="dsDwarf3"/>
              <UseLineInfoUnit Value="False"/>
            </Debugging>
          </Linking>
          <Other>
            <CustomOptions Value="-WpATtiny45
-al
-Sm

-dATtiny45
-OpAVR25"/>
            <ExecuteAfter>
              <Command Value="\usr\bin\avrdude -c stk500v2 -p t45 -P\dev\ttyACM0 -b57600 -U flash:w:$Path($(OutputFile))$NameOnly($(TargetFile)).hex"/>
            </ExecuteAfter>
          </Other>
        </CompilerOptions>
      </Item2>
      <Item3 Name="ATtiny85">
        <CompilerOptions>
          <Version Value="11"/>
          <PathDelim Value="\"/>
          <Target>
            <Filename Value="RS_TEST"/>
          </Target>
          <SearchPaths>
            <IncludeFiles Value="$(ProjOutDir)"/>
            <OtherUnitFiles Value="\home\vamlyktan\Entwicklung\Programmierung\API\UART\;..\..\Programmierung\API\Neo_Pixel;..\..\Programmierung\Lazarus;..\..\Programmierung\API\EEProm;..\..\Programmierung\API\Timer-Counter;..\..\Programmierung\API\ISR"/>
            <UnitOutputDirectory Value="lib\$(TargetCPU)-$(TargetOS)"/>
          </SearchPaths>
          <Parsing>
            <SyntaxOptions>
              <CStyleMacros Value="True"/>
            </SyntaxOptions>
          </Parsing>
          <CodeGeneration>
            <TargetProcessor Value="AVR25"/>
            <TargetCPU Value="avr"/>
            <TargetOS Value="embedded"/>
            <Optimizations>
              <OptimizationLevel Value="3"/>
            </Optimizations>
          </CodeGeneration>
          <Linking>
            <Debugging>
              <DebugInfoType Value="dsDwarf3"/>
              <UseLineInfoUnit Value="False"/>
            </Debugging>
          </Linking>
          <Other>
            <Verbosity>
              <ShowCond Value="True"/>
            </Verbosity>
            <CustomOptions Value="-WpATtiny85
-al
-dF_CPU:=8000000
-dATtiny85
-OpAVR25"/>
            <ExecuteAfter>
              <Command Value="\usr\bin\avrdude -c stk500v2 -p t85 -P\dev\ttyACM0 -b57600 -U flash:w:$Path($(OutputFile))$NameOnly($(TargetFile)).hex"/>
            </ExecuteAfter>
          </Other>
          <CompileReasons Run="False"/>
        </CompilerOptions>
      </Item3>
      <Item4 Name="ATMega16p">
        <CompilerOptions>
          <Version Value="11"/>
          <PathDelim Value="\"/>
          <Target>
            <Filename Value="RS_TEST"/>
          </Target>
          <SearchPaths>
            <IncludeFiles Value="$(ProjOutDir)"/>
            <OtherUnitFiles Value="\home\vamlyktan\Entwicklung\Programmierung\API\UART\;..\..\Programmierung\API\Neo_Pixel;..\..\Programmierung\Lazarus;..\..\Programmierung\API\EEProm;..\..\Programmierung\API\Timer-Counter;..\..\Programmierung\API\ISR"/>
            <UnitOutputDirectory Value="lib\$(TargetCPU)-$(TargetOS)"/>
          </SearchPaths>
          <Parsing>
            <SyntaxOptions>
              <CStyleMacros Value="True"/>
            </SyntaxOptions>
          </Parsing>
          <CodeGeneration>
            <TargetProcessor Value="AVR25"/>
            <TargetCPU Value="avr"/>
            <TargetOS Value="embedded"/>
            <Optimizations>
              <OptimizationLevel Value="3"/>
            </Optimizations>
          </CodeGeneration>
          <Linking>
            <Debugging>
              <DebugInfoType Value="dsDwarf3"/>
              <UseLineInfoUnit Value="False"/>
            </Debugging>
          </Linking>
          <Other>
            <Verbosity>
              <ShowCond Value="True"/>
            </Verbosity>
            <CustomOptions Value="-WpATMega16
-al
-df_cpu:=8000000
-dATMega16p
-OpAVR5
-dL1x12
-dTest_Mod
-dRanDom"/>
            <ExecuteAfter>
              <Command Value="\usr\bin\avrdude -c stk500v2 -p m16 -P\dev\ttyACM0 -b57600 -U flash:w:$Path($(OutputFile))$NameOnly($(TargetFile)).hex"/>
            </ExecuteAfter>
          </Other>
          <CompileReasons Run="False"/>
        </CompilerOptions>
      </Item4>
      <Item5 Name="Linux">
        <CompilerOptions>
          <Version Value="11"/>
          <PathDelim Value="\"/>
          <Target>
            <Filename Value="RS_TEST"/>
          </Target>
          <SearchPaths>
            <IncludeFiles Value="$(ProjOutDir)"/>
            <UnitOutputDirectory Value="lib\$(TargetCPU)-$(TargetOS)"/>
          </SearchPaths>
          <CodeGeneration>
            <TargetCPU Value="x86_64"/>
            <TargetOS Value="linux"/>
            <Optimizations>
              <OptimizationLevel Value="3"/>
            </Optimizations>
          </CodeGeneration>
          <Linking>
            <Debugging>
              <DebugInfoType Value="dsDwarf3"/>
              <UseLineInfoUnit Value="False"/>
            </Debugging>
          </Linking>
        </CompilerOptions>
      </Item5>
    </BuildModes>
    <PublishOptions>
      <Version Value="2"/>
      <UseFileFilters Value="True"/>
    </PublishOptions>
    <RunParams>
      <FormatVersion Value="2"/>
    </RunParams>
    <Units Count="8">
      <Unit0>
        <Filename Value="RS_TEST.lpr"/>
        <IsPartOfProject Value="True"/>
      </Unit0>
      <Unit1>
        <Filename Value="..\..\Programmierung\API\Neo_Pixel\neolib.pas"/>
        <IsPartOfProject Value="True"/>
        <UnitName Value="NeoLib"/>
      </Unit1>
      <Unit2>
        <Filename Value="..\..\Programmierung\Lazarus\ufunction.pas"/>
        <IsPartOfProject Value="True"/>
      </Unit2>
      <Unit3>
        <Filename Value="..\..\Programmierung\API\EEProm\_eeprom.pas"/>
        <IsPartOfProject Value="True"/>
      </Unit3>
      <Unit4>
        <Filename Value="..\..\Programmierung\Lazarus\uconst.pas"/>
        <IsPartOfProject Value="True"/>
      </Unit4>
      <Unit5>
        <Filename Value="..\..\Programmierung\API\Timer-Counter\utc.pas"/>
        <IsPartOfProject Value="True"/>
      </Unit5>
      <Unit6>
        <Filename Value="..\..\Programmierung\API\ISR\pin_isr.pas"/>
        <IsPartOfProject Value="True"/>
      </Unit6>
      <Unit7>
        <Filename Value="..\..\Programmierung\API\UART\uart.pas"/>
        <IsPartOfProject Value="True"/>
      </Unit7>
    </Units>
  </ProjectOptions>
  <CompilerOptions>
    <Version Value="11"/>
    <PathDelim Value="\"/>
    <Target>
      <Filename Value="RS_TEST"/>
    </Target>
    <SearchPaths>
      <IncludeFiles Value="$(ProjOutDir)"/>
      <OtherUnitFiles Value="\home\vamlyktan\Entwicklung\Programmierung\API\UART\;..\..\Programmierung\API\Neo_Pixel;..\..\Programmierung\Lazarus;..\..\Programmierung\API\EEProm;..\..\Programmierung\API\Timer-Counter;..\..\Programmierung\API\ISR;..\..\..\fpcupdeluxe\fpc\lib\fpc\3.3.1\units\avr-embedded"/>
      <UnitOutputDirectory Value="lib\$(TargetCPU)-$(TargetOS)"/>
    </SearchPaths>
    <CodeGeneration>
      <TargetProcessor Value="AVR5"/>
      <TargetCPU Value="avr"/>
      <TargetOS Value="embedded"/>
    </CodeGeneration>
    <Linking>
      <Debugging>
        <DebugInfoType Value="dsDwarf3"/>
        <UseLineInfoUnit Value="False"/>
      </Debugging>
    </Linking>
    <Other>
      <CustomOptions Value="-WpATMega328p
-al
-Sm
-OpAVR5
-dF_CPU:=8000000
-dATMega328p
-dL1x12
-dPCMod
-dTestMod
-dRan_Dom
-dS_lave
-dTerm_"/>
      <ExecuteAfter>
        <Command Value="\usr\bin\avrdude -c stk500v2 -p m328p -P\dev\ttyACM0 -b57600 -U flash:w:$Path($(OutputFile))$NameOnly($(TargetFile)).hex"/>
      </ExecuteAfter>
    </Other>
  </CompilerOptions>
  <Debugging>
    <Exceptions Count="3">
      <Item1>
        <Name Value="EAbort"/>
      </Item1>
      <Item2>
        <Name Value="ECodetoolError"/>
      </Item2>
      <Item3>
        <Name Value="EFOpenError"/>
      </Item3>
    </Exceptions>
  </Debugging>
</CONFIG>
